
Microsoft Visual Studio Solution File, Format Version 12.00
# Visual Studio Version 17
VisualStudioVersion = 17.14.36511.14
MinimumVisualStudioVersion = 10.0.40219.1
Project("{8BC9CEB8-8B4A-11D0-8D11-00A0C91BC942}") = "1A", "1\1A\1A.vcxproj", "{B1CD18FA-34CB-4D09-945B-C1A8E422C339}"
EndProject
Project("{8BC9CEB8-8B4A-11D0-8D11-00A0C91BC942}") = "1B", "1\1B\1B.vcxproj", "{48B97F90-E138-48E7-8914-2780BD2B6600}"
EndProject
Project("{8BC9CEB8-8B4A-11D0-8D11-00A0C91BC942}") = "2A", "2\2A\2A.vcxproj", "{7578D3AC-86AB-4AEE-A64F-DCB8A7AB4799}"
EndProject
Project("{8BC9CEB8-8B4A-11D0-8D11-00A0C91BC942}") = "2B", "2\2B\2B.vcxproj", "{4A4BBBED-259D-40D0-8A2A-C3006EB1004A}"
EndProject
Project("{8BC9CEB8-8B4A-11D0-8D11-00A0C91BC942}") = "3", "3\3.vcxproj", "{996D3B4C-A32E-4E99-BBBE-0EC8FA409D4A}"
EndProject
Project("{8BC9CEB8-8B4A-11D0-8D11-00A0C91BC942}") = "4A", "4\4A\4A.vcxproj", "{AF49DB8B-81CA-4ABF-9209-A178AFB631B1}"
EndProject
Project("{8BC9CEB8-8B4A-11D0-8D11-00A0C91BC942}") = "4B", "4\4B\4B.vcxproj", "{192C019D-C369-4F1D-A4BF-51100347ADB8}"
EndProject
Project("{8BC9CEB8-8B4A-11D0-8D11-00A0C91BC942}") = "5", "5\5.vcxproj", "{EAB8CF7D-BBAF-4A1D-A2ED-58CDB557E8F2}"
EndProject
Project("{8BC9CEB8-8B4A-11D0-8D11-00A0C91BC942}") = "6", "6\6.vcxproj", "{870A12B7-DB42-490C-931D-3C21B7BE8A93}"
EndProject
Project("{8BC9CEB8-8B4A-11D0-8D11-00A0C91BC942}") = "7", "7\7.vcxproj", "{BE36CC76-181A-4C61-9AC3-ED749B84B541}"
EndProject
Project("{8BC9CEB8-8B4A-11D0-8D11-00A0C91BC942}") = "8", "8\8.vcxproj", "{14EE6F62-4BB9-46D4-9D30-5F975C824E57}"
EndProject
Project("{8BC9CEB8-8B4A-11D0-8D11-00A0C91BC942}") = "9", "9\9.vcxproj", "{29940E42-1834-4FFC-A9EC-ED63C79BBD79}"
EndProject
Project("{8BC9CEB8-8B4A-11D0-8D11-00A0C91BC942}") = "10A", "10\10A\10A.vcxproj", "{D93E4E9B-AB6C-476F-B251-107675C9FE79}"
EndProject
Project("{8BC9CEB8-8B4A-11D0-8D11-00A0C91BC942}") = "10B", "10\10B\10B.vcxproj", "{B7C6C188-F5DA-455F-A81D-3DC49AB52FCE}"
EndProject
Project("{8BC9CEB8-8B4A-11D0-8D11-00A0C91BC942}") = "13", "13\13.vcxproj", "{4546ABD3-B779-42CE-BEF2-9638F6F8C858}"
EndProject
Project("{8BC9CEB8-8B4A-11D0-8D11-00A0C91BC942}") = "14", "14\14.vcxproj", "{2B487F06-5B15-4C33-BE8A-16D122D1647E}"
EndProject
Project("{8BC9CEB8-8B4A-11D0-8D11-00A0C91BC942}") = "15", "15\15.vcxproj", "{9A36B8AF-C114-420D-A1CF-797633D617C8}"
EndProject
Project("{8BC9CEB8-8B4A-11D0-8D11-00A0C91BC942}") = "16", "16\16.vcxproj", "{B4711641-B66C-492F-8E23-4D6664006CBB}"
EndProject
Project("{8BC9CEB8-8B4A-11D0-8D11-00A0C91BC942}") = "17", "17\17.vcxproj", "{3ED6533D-E022-427E-ABD8-B7383B815F09}"
EndProject
Project("{8BC9CEB8-8B4A-11D0-8D11-00A0C91BC942}") = "18", "18\18.vcxproj", "{7886B70B-4E2E-4A08-AA60-2803464EF664}"
EndProject
Project("{8BC9CEB8-8B4A-11D0-8D11-00A0C91BC942}") = "20", "20\20.vcxproj", "{66FB236E-B093-4D3A-A9EB-0269553D4E18}"
EndProject
Project("{8BC9CEB8-8B4A-11D0-8D11-00A0C91BC942}") = "21", "21\21.vcxproj", "{D0860CD0-A33A-4021-A8D5-59EF6194805A}"
EndProject
Project("{8BC9CEB8-8B4A-11D0-8D11-00A0C91BC942}") = "22", "22\22.vcxproj", "{17E91E99-C4FD-4D67-A50B-01AE58C9F358}"
EndProject
Project("{8BC9CEB8-8B4A-11D0-8D11-00A0C91BC942}") = "23", "23\23.vcxproj", "{65AAB804-F883-48B3-A142-37C3F095FB89}"
EndProject
Project("{8BC9CEB8-8B4A-11D0-8D11-00A0C91BC942}") = "24", "24\24.vcxproj", "{45993A93-9B22-4B9C-B28E-0B0A4F4820E2}"
EndProject
Project("{8BC9CEB8-8B4A-11D0-8D11-00A0C91BC942}") = "25", "25\25.vcxproj", "{507C974E-5D78-4878-ACB9-4D8104EE43F8}"
EndProject
Project("{8BC9CEB8-8B4A-11D0-8D11-00A0C91BC942}") = "26", "26\26.vcxproj", "{FEAF71F2-5DA7-4909-A3BA-37FCC7553DF4}"
EndProject
Project("{8BC9CEB8-8B4A-11D0-8D11-00A0C91BC942}") = "27", "27\27.vcxproj", "{1BB29A9D-CC26-4D46-90D5-5C08078233DE}"
EndProject
Project("{8BC9CEB8-8B4A-11D0-8D11-00A0C91BC942}") = "28", "28\28.vcxproj", "{CDED362A-3DD4-42F1-9D97-8EFA91266CC8}"
EndProject
Project("{8BC9CEB8-8B4A-11D0-8D11-00A0C91BC942}") = "29", "29\29.vcxproj", "{E23AA2B9-4236-49F9-BFD6-FF8A468351C8}"
EndProject
Project("{8BC9CEB8-8B4A-11D0-8D11-00A0C91BC942}") = "30", "30\30.vcxproj", "{AC0851C7-72D8-410E-9D0E-018546F4F2E0}"
EndProject
Global
	GlobalSection(SolutionConfigurationPlatforms) = preSolution
		Debug|x64 = Debug|x64
		Debug|x86 = Debug|x86
		Release|x64 = Release|x64
		Release|x86 = Release|x86
	EndGlobalSection
	GlobalSection(ProjectConfigurationPlatforms) = postSolution
		{B1CD18FA-34CB-4D09-945B-C1A8E422C339}.Debug|x64.ActiveCfg = Debug|x64
		{B1CD18FA-34CB-4D09-945B-C1A8E422C339}.Debug|x64.Build.0 = Debug|x64
		{B1CD18FA-34CB-4D09-945B-C1A8E422C339}.Debug|x86.ActiveCfg = Debug|Win32
		{B1CD18FA-34CB-4D09-945B-C1A8E422C339}.Debug|x86.Build.0 = Debug|Win32
		{B1CD18FA-34CB-4D09-945B-C1A8E422C339}.Release|x64.ActiveCfg = Release|x64
		{B1CD18FA-34CB-4D09-945B-C1A8E422C339}.Release|x64.Build.0 = Release|x64
		{B1CD18FA-34CB-4D09-945B-C1A8E422C339}.Release|x86.ActiveCfg = Release|Win32
		{B1CD18FA-34CB-4D09-945B-C1A8E422C339}.Release|x86.Build.0 = Release|Win32
		{48B97F90-E138-48E7-8914-2780BD2B6600}.Debug|x64.ActiveCfg = Debug|x64
		{48B97F90-E138-48E7-8914-2780BD2B6600}.Debug|x64.Build.0 = Debug|x64
		{48B97F90-E138-48E7-8914-2780BD2B6600}.Debug|x86.ActiveCfg = Debug|Win32
		{48B97F90-E138-48E7-8914-2780BD2B6600}.Debug|x86.Build.0 = Debug|Win32
		{48B97F90-E138-48E7-8914-2780BD2B6600}.Release|x64.ActiveCfg = Release|x64
		{48B97F90-E138-48E7-8914-2780BD2B6600}.Release|x64.Build.0 = Release|x64
		{48B97F90-E138-48E7-8914-2780BD2B6600}.Release|x86.ActiveCfg = Release|Win32
		{48B97F90-E138-48E7-8914-2780BD2B6600}.Release|x86.Build.0 = Release|Win32
		{7578D3AC-86AB-4AEE-A64F-DCB8A7AB4799}.Debug|x64.ActiveCfg = Debug|x64
		{7578D3AC-86AB-4AEE-A64F-DCB8A7AB4799}.Debug|x64.Build.0 = Debug|x64
		{7578D3AC-86AB-4AEE-A64F-DCB8A7AB4799}.Debug|x86.ActiveCfg = Debug|Win32
		{7578D3AC-86AB-4AEE-A64F-DCB8A7AB4799}.Debug|x86.Build.0 = Debug|Win32
		{7578D3AC-86AB-4AEE-A64F-DCB8A7AB4799}.Release|x64.ActiveCfg = Release|x64
		{7578D3AC-86AB-4AEE-A64F-DCB8A7AB4799}.Release|x64.Build.0 = Release|x64
		{7578D3AC-86AB-4AEE-A64F-DCB8A7AB4799}.Release|x86.ActiveCfg = Release|Win32
		{7578D3AC-86AB-4AEE-A64F-DCB8A7AB4799}.Release|x86.Build.0 = Release|Win32
		{4A4BBBED-259D-40D0-8A2A-C3006EB1004A}.Debug|x64.ActiveCfg = Debug|x64
		{4A4BBBED-259D-40D0-8A2A-C3006EB1004A}.Debug|x64.Build.0 = Debug|x64
		{4A4BBBED-259D-40D0-8A2A-C3006EB1004A}.Debug|x86.ActiveCfg = Debug|Win32
		{4A4BBBED-259D-40D0-8A2A-C3006EB1004A}.Debug|x86.Build.0 = Debug|Win32
		{4A4BBBED-259D-40D0-8A2A-C3006EB1004A}.Release|x64.ActiveCfg = Release|x64
		{4A4BBBED-259D-40D0-8A2A-C3006EB1004A}.Release|x64.Build.0 = Release|x64
		{4A4BBBED-259D-40D0-8A2A-C3006EB1004A}.Release|x86.ActiveCfg = Release|Win32
		{4A4BBBED-259D-40D0-8A2A-C3006EB1004A}.Release|x86.Build.0 = Release|Win32
		{996D3B4C-A32E-4E99-BBBE-0EC8FA409D4A}.Debug|x64.ActiveCfg = Debug|x64
		{996D3B4C-A32E-4E99-BBBE-0EC8FA409D4A}.Debug|x64.Build.0 = Debug|x64
		{996D3B4C-A32E-4E99-BBBE-0EC8FA409D4A}.Debug|x86.ActiveCfg = Debug|Win32
		{996D3B4C-A32E-4E99-BBBE-0EC8FA409D4A}.Debug|x86.Build.0 = Debug|Win32
		{996D3B4C-A32E-4E99-BBBE-0EC8FA409D4A}.Release|x64.ActiveCfg = Release|x64
		{996D3B4C-A32E-4E99-BBBE-0EC8FA409D4A}.Release|x64.Build.0 = Release|x64
		{996D3B4C-A32E-4E99-BBBE-0EC8FA409D4A}.Release|x86.ActiveCfg = Release|Win32
		{996D3B4C-A32E-4E99-BBBE-0EC8FA409D4A}.Release|x86.Build.0 = Release|Win32
		{AF49DB8B-81CA-4ABF-9209-A178AFB631B1}.Debug|x64.ActiveCfg = Debug|x64
		{AF49DB8B-81CA-4ABF-9209-A178AFB631B1}.Debug|x64.Build.0 = Debug|x64
		{AF49DB8B-81CA-4ABF-9209-A178AFB631B1}.Debug|x86.ActiveCfg = Debug|Win32
		{AF49DB8B-81CA-4ABF-9209-A178AFB631B1}.Debug|x86.Build.0 = Debug|Win32
		{AF49DB8B-81CA-4ABF-9209-A178AFB631B1}.Release|x64.ActiveCfg = Release|x64
		{AF49DB8B-81CA-4ABF-9209-A178AFB631B1}.Release|x64.Build.0 = Release|x64
		{AF49DB8B-81CA-4ABF-9209-A178AFB631B1}.Release|x86.ActiveCfg = Release|Win32
		{AF49DB8B-81CA-4ABF-9209-A178AFB631B1}.Release|x86.Build.0 = Release|Win32
		{192C019D-C369-4F1D-A4BF-51100347ADB8}.Debug|x64.ActiveCfg = Debug|x64
		{192C019D-C369-4F1D-A4BF-51100347ADB8}.Debug|x64.Build.0 = Debug|x64
		{192C019D-C369-4F1D-A4BF-51100347ADB8}.Debug|x86.ActiveCfg = Debug|Win32
		{192C019D-C369-4F1D-A4BF-51100347ADB8}.Debug|x86.Build.0 = Debug|Win32
		{192C019D-C369-4F1D-A4BF-51100347ADB8}.Release|x64.ActiveCfg = Release|x64
		{192C019D-C369-4F1D-A4BF-51100347ADB8}.Release|x64.Build.0 = Release|x64
		{192C019D-C369-4F1D-A4BF-51100347ADB8}.Release|x86.ActiveCfg = Release|Win32
		{192C019D-C369-4F1D-A4BF-51100347ADB8}.Release|x86.Build.0 = Release|Win32
		{EAB8CF7D-BBAF-4A1D-A2ED-58CDB557E8F2}.Debug|x64.ActiveCfg = Debug|x64
		{EAB8CF7D-BBAF-4A1D-A2ED-58CDB557E8F2}.Debug|x64.Build.0 = Debug|x64
		{EAB8CF7D-BBAF-4A1D-A2ED-58CDB557E8F2}.Debug|x86.ActiveCfg = Debug|Win32
		{EAB8CF7D-BBAF-4A1D-A2ED-58CDB557E8F2}.Debug|x86.Build.0 = Debug|Win32
		{EAB8CF7D-BBAF-4A1D-A2ED-58CDB557E8F2}.Release|x64.ActiveCfg = Release|x64
		{EAB8CF7D-BBAF-4A1D-A2ED-58CDB557E8F2}.Release|x64.Build.0 = Release|x64
		{EAB8CF7D-BBAF-4A1D-A2ED-58CDB557E8F2}.Release|x86.ActiveCfg = Release|Win32
		{EAB8CF7D-BBAF-4A1D-A2ED-58CDB557E8F2}.Release|x86.Build.0 = Release|Win32
		{870A12B7-DB42-490C-931D-3C21B7BE8A93}.Debug|x64.ActiveCfg = Debug|x64
		{870A12B7-DB42-490C-931D-3C21B7BE8A93}.Debug|x64.Build.0 = Debug|x64
		{870A12B7-DB42-490C-931D-3C21B7BE8A93}.Debug|x86.ActiveCfg = Debug|Win32
		{870A12B7-DB42-490C-931D-3C21B7BE8A93}.Debug|x86.Build.0 = Debug|Win32
		{870A12B7-DB42-490C-931D-3C21B7BE8A93}.Release|x64.ActiveCfg = Release|x64
		{870A12B7-DB42-490C-931D-3C21B7BE8A93}.Release|x64.Build.0 = Release|x64
		{870A12B7-DB42-490C-931D-3C21B7BE8A93}.Release|x86.ActiveCfg = Release|Win32
		{870A12B7-DB42-490C-931D-3C21B7BE8A93}.Release|x86.Build.0 = Release|Win32
		{BE36CC76-181A-4C61-9AC3-ED749B84B541}.Debug|x64.ActiveCfg = Debug|x64
		{BE36CC76-181A-4C61-9AC3-ED749B84B541}.Debug|x64.Build.0 = Debug|x64
		{BE36CC76-181A-4C61-9AC3-ED749B84B541}.Debug|x86.ActiveCfg = Debug|Win32
		{BE36CC76-181A-4C61-9AC3-ED749B84B541}.Debug|x86.Build.0 = Debug|Win32
		{BE36CC76-181A-4C61-9AC3-ED749B84B541}.Release|x64.ActiveCfg = Release|x64
		{BE36CC76-181A-4C61-9AC3-ED749B84B541}.Release|x64.Build.0 = Release|x64
		{BE36CC76-181A-4C61-9AC3-ED749B84B541}.Release|x86.ActiveCfg = Release|Win32
		{BE36CC76-181A-4C61-9AC3-ED749B84B541}.Release|x86.Build.0 = Release|Win32
		{14EE6F62-4BB9-46D4-9D30-5F975C824E57}.Debug|x64.ActiveCfg = Debug|x64
		{14EE6F62-4BB9-46D4-9D30-5F975C824E57}.Debug|x64.Build.0 = Debug|x64
		{14EE6F62-4BB9-46D4-9D30-5F975C824E57}.Debug|x86.ActiveCfg = Debug|Win32
		{14EE6F62-4BB9-46D4-9D30-5F975C824E57}.Debug|x86.Build.0 = Debug|Win32
		{14EE6F62-4BB9-46D4-9D30-5F975C824E57}.Release|x64.ActiveCfg = Release|x64
		{14EE6F62-4BB9-46D4-9D30-5F975C824E57}.Release|x64.Build.0 = Release|x64
		{14EE6F62-4BB9-46D4-9D30-5F975C824E57}.Release|x86.ActiveCfg = Release|Win32
		{14EE6F62-4BB9-46D4-9D30-5F975C824E57}.Release|x86.Build.0 = Release|Win32
		{29940E42-1834-4FFC-A9EC-ED63C79BBD79}.Debug|x64.ActiveCfg = Debug|x64
		{29940E42-1834-4FFC-A9EC-ED63C79BBD79}.Debug|x64.Build.0 = Debug|x64
		{29940E42-1834-4FFC-A9EC-ED63C79BBD79}.Debug|x86.ActiveCfg = Debug|Win32
		{29940E42-1834-4FFC-A9EC-ED63C79BBD79}.Debug|x86.Build.0 = Debug|Win32
		{29940E42-1834-4FFC-A9EC-ED63C79BBD79}.Release|x64.ActiveCfg = Release|x64
		{29940E42-1834-4FFC-A9EC-ED63C79BBD79}.Release|x64.Build.0 = Release|x64
		{29940E42-1834-4FFC-A9EC-ED63C79BBD79}.Release|x86.ActiveCfg = Release|Win32
		{29940E42-1834-4FFC-A9EC-ED63C79BBD79}.Release|x86.Build.0 = Release|Win32
		{D93E4E9B-AB6C-476F-B251-107675C9FE79}.Debug|x64.ActiveCfg = Debug|x64
		{D93E4E9B-AB6C-476F-B251-107675C9FE79}.Debug|x64.Build.0 = Debug|x64
		{D93E4E9B-AB6C-476F-B251-107675C9FE79}.Debug|x86.ActiveCfg = Debug|Win32
		{D93E4E9B-AB6C-476F-B251-107675C9FE79}.Debug|x86.Build.0 = Debug|Win32
		{D93E4E9B-AB6C-476F-B251-107675C9FE79}.Release|x64.ActiveCfg = Release|x64
		{D93E4E9B-AB6C-476F-B251-107675C9FE79}.Release|x64.Build.0 = Release|x64
		{D93E4E9B-AB6C-476F-B251-107675C9FE79}.Release|x86.ActiveCfg = Release|Win32
		{D93E4E9B-AB6C-476F-B251-107675C9FE79}.Release|x86.Build.0 = Release|Win32
		{B7C6C188-F5DA-455F-A81D-3DC49AB52FCE}.Debug|x64.ActiveCfg = Debug|x64
		{B7C6C188-F5DA-455F-A81D-3DC49AB52FCE}.Debug|x64.Build.0 = Debug|x64
		{B7C6C188-F5DA-455F-A81D-3DC49AB52FCE}.Debug|x86.ActiveCfg = Debug|Win32
		{B7C6C188-F5DA-455F-A81D-3DC49AB52FCE}.Debug|x86.Build.0 = Debug|Win32
		{B7C6C188-F5DA-455F-A81D-3DC49AB52FCE}.Release|x64.ActiveCfg = Release|x64
		{B7C6C188-F5DA-455F-A81D-3DC49AB52FCE}.Release|x64.Build.0 = Release|x64
		{B7C6C188-F5DA-455F-A81D-3DC49AB52FCE}.Release|x86.ActiveCfg = Release|Win32
		{B7C6C188-F5DA-455F-A81D-3DC49AB52FCE}.Release|x86.Build.0 = Release|Win32
		{4546ABD3-B779-42CE-BEF2-9638F6F8C858}.Debug|x64.ActiveCfg = Debug|x64
		{4546ABD3-B779-42CE-BEF2-9638F6F8C858}.Debug|x64.Build.0 = Debug|x64
		{4546ABD3-B779-42CE-BEF2-9638F6F8C858}.Debug|x86.ActiveCfg = Debug|Win32
		{4546ABD3-B779-42CE-BEF2-9638F6F8C858}.Debug|x86.Build.0 = Debug|Win32
		{4546ABD3-B779-42CE-BEF2-9638F6F8C858}.Release|x64.ActiveCfg = Release|x64
		{4546ABD3-B779-42CE-BEF2-9638F6F8C858}.Release|x64.Build.0 = Release|x64
		{4546ABD3-B779-42CE-BEF2-9638F6F8C858}.Release|x86.ActiveCfg = Release|Win32
		{4546ABD3-B779-42CE-BEF2-9638F6F8C858}.Release|x86.Build.0 = Release|Win32
		{2B487F06-5B15-4C33-BE8A-16D122D1647E}.Debug|x64.ActiveCfg = Debug|x64
		{2B487F06-5B15-4C33-BE8A-16D122D1647E}.Debug|x64.Build.0 = Debug|x64
		{2B487F06-5B15-4C33-BE8A-16D122D1647E}.Debug|x86.ActiveCfg = Debug|Win32
		{2B487F06-5B15-4C33-BE8A-16D122D1647E}.Debug|x86.Build.0 = Debug|Win32
		{2B487F06-5B15-4C33-BE8A-16D122D1647E}.Release|x64.ActiveCfg = Release|x64
		{2B487F06-5B15-4C33-BE8A-16D122D1647E}.Release|x64.Build.0 = Release|x64
		{2B487F06-5B15-4C33-BE8A-16D122D1647E}.Release|x86.ActiveCfg = Release|Win32
		{2B487F06-5B15-4C33-BE8A-16D122D1647E}.Release|x86.Build.0 = Release|Win32
		{9A36B8AF-C114-420D-A1CF-797633D617C8}.Debug|x64.ActiveCfg = Debug|x64
		{9A36B8AF-C114-420D-A1CF-797633D617C8}.Debug|x64.Build.0 = Debug|x64
		{9A36B8AF-C114-420D-A1CF-797633D617C8}.Debug|x86.ActiveCfg = Debug|Win32
		{9A36B8AF-C114-420D-A1CF-797633D617C8}.Debug|x86.Build.0 = Debug|Win32
		{9A36B8AF-C114-420D-A1CF-797633D617C8}.Release|x64.ActiveCfg = Release|x64
		{9A36B8AF-C114-420D-A1CF-797633D617C8}.Release|x64.Build.0 = Release|x64
		{9A36B8AF-C114-420D-A1CF-797633D617C8}.Release|x86.ActiveCfg = Release|Win32
		{9A36B8AF-C114-420D-A1CF-797633D617C8}.Release|x86.Build.0 = Release|Win32
		{B4711641-B66C-492F-8E23-4D6664006CBB}.Debug|x64.ActiveCfg = Debug|x64
		{B4711641-B66C-492F-8E23-4D6664006CBB}.Debug|x64.Build.0 = Debug|x64
		{B4711641-B66C-492F-8E23-4D6664006CBB}.Debug|x86.ActiveCfg = Debug|Win32
		{B4711641-B66C-492F-8E23-4D6664006CBB}.Debug|x86.Build.0 = Debug|Win32
		{B4711641-B66C-492F-8E23-4D6664006CBB}.Release|x64.ActiveCfg = Release|x64
		{B4711641-B66C-492F-8E23-4D6664006CBB}.Release|x64.Build.0 = Release|x64
		{B4711641-B66C-492F-8E23-4D6664006CBB}.Release|x86.ActiveCfg = Release|Win32
		{B4711641-B66C-492F-8E23-4D6664006CBB}.Release|x86.Build.0 = Release|Win32
		{3ED6533D-E022-427E-ABD8-B7383B815F09}.Debug|x64.ActiveCfg = Debug|x64
		{3ED6533D-E022-427E-ABD8-B7383B815F09}.Debug|x64.Build.0 = Debug|x64
		{3ED6533D-E022-427E-ABD8-B7383B815F09}.Debug|x86.ActiveCfg = Debug|Win32
		{3ED6533D-E022-427E-ABD8-B7383B815F09}.Debug|x86.Build.0 = Debug|Win32
		{3ED6533D-E022-427E-ABD8-B7383B815F09}.Release|x64.ActiveCfg = Release|x64
		{3ED6533D-E022-427E-ABD8-B7383B815F09}.Release|x64.Build.0 = Release|x64
		{3ED6533D-E022-427E-ABD8-B7383B815F09}.Release|x86.ActiveCfg = Release|Win32
		{3ED6533D-E022-427E-ABD8-B7383B815F09}.Release|x86.Build.0 = Release|Win32
		{7886B70B-4E2E-4A08-AA60-2803464EF664}.Debug|x64.ActiveCfg = Debug|x64
		{7886B70B-4E2E-4A08-AA60-2803464EF664}.Debug|x64.Build.0 = Debug|x64
		{7886B70B-4E2E-4A08-AA60-2803464EF664}.Debug|x86.ActiveCfg = Debug|Win32
		{7886B70B-4E2E-4A08-AA60-2803464EF664}.Debug|x86.Build.0 = Debug|Win32
		{7886B70B-4E2E-4A08-AA60-2803464EF664}.Release|x64.ActiveCfg = Release|x64
		{7886B70B-4E2E-4A08-AA60-2803464EF664}.Release|x64.Build.0 = Release|x64
		{7886B70B-4E2E-4A08-AA60-2803464EF664}.Release|x86.ActiveCfg = Release|Win32
		{7886B70B-4E2E-4A08-AA60-2803464EF664}.Release|x86.Build.0 = Release|Win32
		{66FB236E-B093-4D3A-A9EB-0269553D4E18}.Debug|x64.ActiveCfg = Debug|x64
		{66FB236E-B093-4D3A-A9EB-0269553D4E18}.Debug|x64.Build.0 = Debug|x64
		{66FB236E-B093-4D3A-A9EB-0269553D4E18}.Debug|x86.ActiveCfg = Debug|Win32
		{66FB236E-B093-4D3A-A9EB-0269553D4E18}.Debug|x86.Build.0 = Debug|Win32
		{66FB236E-B093-4D3A-A9EB-0269553D4E18}.Release|x64.ActiveCfg = Release|x64
		{66FB236E-B093-4D3A-A9EB-0269553D4E18}.Release|x64.Build.0 = Release|x64
		{66FB236E-B093-4D3A-A9EB-0269553D4E18}.Release|x86.ActiveCfg = Release|Win32
		{66FB236E-B093-4D3A-A9EB-0269553D4E18}.Release|x86.Build.0 = Release|Win32
		{D0860CD0-A33A-4021-A8D5-59EF6194805A}.Debug|x64.ActiveCfg = Debug|x64
		{D0860CD0-A33A-4021-A8D5-59EF6194805A}.Debug|x64.Build.0 = Debug|x64
		{D0860CD0-A33A-4021-A8D5-59EF6194805A}.Debug|x86.ActiveCfg = Debug|Win32
		{D0860CD0-A33A-4021-A8D5-59EF6194805A}.Debug|x86.Build.0 = Debug|Win32
		{D0860CD0-A33A-4021-A8D5-59EF6194805A}.Release|x64.ActiveCfg = Release|x64
		{D0860CD0-A33A-4021-A8D5-59EF6194805A}.Release|x64.Build.0 = Release|x64
		{D0860CD0-A33A-4021-A8D5-59EF6194805A}.Release|x86.ActiveCfg = Release|Win32
		{D0860CD0-A33A-4021-A8D5-59EF6194805A}.Release|x86.Build.0 = Release|Win32
		{17E91E99-C4FD-4D67-A50B-01AE58C9F358}.Debug|x64.ActiveCfg = Debug|x64
		{17E91E99-C4FD-4D67-A50B-01AE58C9F358}.Debug|x64.Build.0 = Debug|x64
		{17E91E99-C4FD-4D67-A50B-01AE58C9F358}.Debug|x86.ActiveCfg = Debug|Win32
		{17E91E99-C4FD-4D67-A50B-01AE58C9F358}.Debug|x86.Build.0 = Debug|Win32
		{17E91E99-C4FD-4D67-A50B-01AE58C9F358}.Release|x64.ActiveCfg = Release|x64
		{17E91E99-C4FD-4D67-A50B-01AE58C9F358}.Release|x64.Build.0 = Release|x64
		{17E91E99-C4FD-4D67-A50B-01AE58C9F358}.Release|x86.ActiveCfg = Release|Win32
		{17E91E99-C4FD-4D67-A50B-01AE58C9F358}.Release|x86.Build.0 = Release|Win32
		{65AAB804-F883-48B3-A142-37C3F095FB89}.Debug|x64.ActiveCfg = Debug|x64
		{65AAB804-F883-48B3-A142-37C3F095FB89}.Debug|x64.Build.0 = Debug|x64
		{65AAB804-F883-48B3-A142-37C3F095FB89}.Debug|x86.ActiveCfg = Debug|Win32
		{65AAB804-F883-48B3-A142-37C3F095FB89}.Debug|x86.Build.0 = Debug|Win32
		{65AAB804-F883-48B3-A142-37C3F095FB89}.Release|x64.ActiveCfg = Release|x64
		{65AAB804-F883-48B3-A142-37C3F095FB89}.Release|x64.Build.0 = Release|x64
		{65AAB804-F883-48B3-A142-37C3F095FB89}.Release|x86.ActiveCfg = Release|Win32
		{65AAB804-F883-48B3-A142-37C3F095FB89}.Release|x86.Build.0 = Release|Win32
		{45993A93-9B22-4B9C-B28E-0B0A4F4820E2}.Debug|x64.ActiveCfg = Debug|x64
		{45993A93-9B22-4B9C-B28E-0B0A4F4820E2}.Debug|x64.Build.0 = Debug|x64
		{45993A93-9B22-4B9C-B28E-0B0A4F4820E2}.Debug|x86.ActiveCfg = Debug|Win32
		{45993A93-9B22-4B9C-B28E-0B0A4F4820E2}.Debug|x86.Build.0 = Debug|Win32
		{45993A93-9B22-4B9C-B28E-0B0A4F4820E2}.Release|x64.ActiveCfg = Release|x64
		{45993A93-9B22-4B9C-B28E-0B0A4F4820E2}.Release|x64.Build.0 = Release|x64
		{45993A93-9B22-4B9C-B28E-0B0A4F4820E2}.Release|x86.ActiveCfg = Release|Win32
		{45993A93-9B22-4B9C-B28E-0B0A4F4820E2}.Release|x86.Build.0 = Release|Win32
		{507C974E-5D78-4878-ACB9-4D8104EE43F8}.Debug|x64.ActiveCfg = Debug|x64
		{507C974E-5D78-4878-ACB9-4D8104EE43F8}.Debug|x64.Build.0 = Debug|x64
		{507C974E-5D78-4878-ACB9-4D8104EE43F8}.Debug|x86.ActiveCfg = Debug|Win32
		{507C974E-5D78-4878-ACB9-4D8104EE43F8}.Debug|x86.Build.0 = Debug|Win32
		{507C974E-5D78-4878-ACB9-4D8104EE43F8}.Release|x64.ActiveCfg = Release|x64
		{507C974E-5D78-4878-ACB9-4D8104EE43F8}.Release|x64.Build.0 = Release|x64
		{507C974E-5D78-4878-ACB9-4D8104EE43F8}.Release|x86.ActiveCfg = Release|Win32
		{507C974E-5D78-4878-ACB9-4D8104EE43F8}.Release|x86.Build.0 = Release|Win32
		{FEAF71F2-5DA7-4909-A3BA-37FCC7553DF4}.Debug|x64.ActiveCfg = Debug|x64
		{FEAF71F2-5DA7-4909-A3BA-37FCC7553DF4}.Debug|x64.Build.0 = Debug|x64
		{FEAF71F2-5DA7-4909-A3BA-37FCC7553DF4}.Debug|x86.ActiveCfg = Debug|Win32
		{FEAF71F2-5DA7-4909-A3BA-37FCC7553DF4}.Debug|x86.Build.0 = Debug|Win32
		{FEAF71F2-5DA7-4909-A3BA-37FCC7553DF4}.Release|x64.ActiveCfg = Release|x64
		{FEAF71F2-5DA7-4909-A3BA-37FCC7553DF4}.Release|x64.Build.0 = Release|x64
		{FEAF71F2-5DA7-4909-A3BA-37FCC7553DF4}.Release|x86.ActiveCfg = Release|Win32
		{FEAF71F2-5DA7-4909-A3BA-37FCC7553DF4}.Release|x86.Build.0 = Release|Win32
		{1BB29A9D-CC26-4D46-90D5-5C08078233DE}.Debug|x64.ActiveCfg = Debug|x64
		{1BB29A9D-CC26-4D46-90D5-5C08078233DE}.Debug|x64.Build.0 = Debug|x64
		{1BB29A9D-CC26-4D46-90D5-5C08078233DE}.Debug|x86.ActiveCfg = Debug|Win32
		{1BB29A9D-CC26-4D46-90D5-5C08078233DE}.Debug|x86.Build.0 = Debug|Win32
		{1BB29A9D-CC26-4D46-90D5-5C08078233DE}.Release|x64.ActiveCfg = Release|x64
		{1BB29A9D-CC26-4D46-90D5-5C08078233DE}.Release|x64.Build.0 = Release|x64
		{1BB29A9D-CC26-4D46-90D5-5C08078233DE}.Release|x86.ActiveCfg = Release|Win32
		{1BB29A9D-CC26-4D46-90D5-5C08078233DE}.Release|x86.Build.0 = Release|Win32
		{CDED362A-3DD4-42F1-9D97-8EFA91266CC8}.Debug|x64.ActiveCfg = Debug|x64
		{CDED362A-3DD4-42F1-9D97-8EFA91266CC8}.Debug|x64.Build.0 = Debug|x64
		{CDED362A-3DD4-42F1-9D97-8EFA91266CC8}.Debug|x86.ActiveCfg = Debug|Win32
		{CDED362A-3DD4-42F1-9D97-8EFA91266CC8}.Debug|x86.Build.0 = Debug|Win32
		{CDED362A-3DD4-42F1-9D97-8EFA91266CC8}.Release|x64.ActiveCfg = Release|x64
		{CDED362A-3DD4-42F1-9D97-8EFA91266CC8}.Release|x64.Build.0 = Release|x64
		{CDED362A-3DD4-42F1-9D97-8EFA91266CC8}.Release|x86.ActiveCfg = Release|Win32
		{CDED362A-3DD4-42F1-9D97-8EFA91266CC8}.Release|x86.Build.0 = Release|Win32
		{E23AA2B9-4236-49F9-BFD6-FF8A468351C8}.Debug|x64.ActiveCfg = Debug|x64
		{E23AA2B9-4236-49F9-BFD6-FF8A468351C8}.Debug|x64.Build.0 = Debug|x64
		{E23AA2B9-4236-49F9-BFD6-FF8A468351C8}.Debug|x86.ActiveCfg = Debug|Win32
		{E23AA2B9-4236-49F9-BFD6-FF8A468351C8}.Debug|x86.Build.0 = Debug|Win32
		{E23AA2B9-4236-49F9-BFD6-FF8A468351C8}.Release|x64.ActiveCfg = Release|x64
		{E23AA2B9-4236-49F9-BFD6-FF8A468351C8}.Release|x64.Build.0 = Release|x64
		{E23AA2B9-4236-49F9-BFD6-FF8A468351C8}.Release|x86.ActiveCfg = Release|Win32
		{E23AA2B9-4236-49F9-BFD6-FF8A468351C8}.Release|x86.Build.0 = Release|Win32
		{AC0851C7-72D8-410E-9D0E-018546F4F2E0}.Debug|x64.ActiveCfg = Debug|x64
		{AC0851C7-72D8-410E-9D0E-018546F4F2E0}.Debug|x64.Build.0 = Debug|x64
		{AC0851C7-72D8-410E-9D0E-018546F4F2E0}.Debug|x86.ActiveCfg = Debug|Win32
		{AC0851C7-72D8-410E-9D0E-018546F4F2E0}.Debug|x86.Build.0 = Debug|Win32
		{AC0851C7-72D8-410E-9D0E-018546F4F2E0}.Release|x64.ActiveCfg = Release|x64
		{AC0851C7-72D8-410E-9D0E-018546F4F2E0}.Release|x64.Build.0 = Release|x64
		{AC0851C7-72D8-410E-9D0E-018546F4F2E0}.Release|x86.ActiveCfg = Release|Win32
		{AC0851C7-72D8-410E-9D0E-018546F4F2E0}.Release|x86.Build.0 = Release|Win32
	EndGlobalSection
	GlobalSection(SolutionProperties) = preSolution
		HideSolutionNode = FALSE
	EndGlobalSection
	GlobalSection(NestedProjects) = preSolution
	EndGlobalSection
	GlobalSection(ExtensibilityGlobals) = postSolution
		SolutionGuid = {05B4D37A-0A8C-4097-B2E9-6D331118AE66}
	EndGlobalSection
EndGlobal
